
Microsoft Visual Studio Solution File, Format Version 12.00
# Visual Studio 15
VisualStudioVersion = 15.0.26124.0
MinimumVisualStudioVersion = 15.0.26124.0
Project("{FAE04EC0-301F-11D3-BF4B-00C04F79EFBC}") = "NexBank.Api", "NexBank.Api\NexBank.Api.csproj", "{3D23A24F-5121-43E6-A25F-8F3C5FBB69B9}"
EndProject
Project("{FAE04EC0-301F-11D3-BF4B-00C04F79EFBC}") = "NexBank.Domain", "NexBank.Domain\NexBank.Domain.csproj", "{1DE57CBA-1834-414E-BD34-308CFAC92A69}"
EndProject
Project("{FAE04EC0-301F-11D3-BF4B-00C04F79EFBC}") = "NexBank.Infra", "NexBank.Infra\NexBank.Infra.csproj", "{556C0226-BC2B-4110-B5D3-9D35B50ED2CE}"
EndProject
Project("{FAE04EC0-301F-11D3-BF4B-00C04F79EFBC}") = "NexBank.Tests", "NexBank.Tests\NexBank.Tests.csproj", "{E12869A6-CF0A-4C1F-A830-D067D427EFCD}"
EndProject
Global
	GlobalSection(SolutionConfigurationPlatforms) = preSolution
		Debug|Any CPU = Debug|Any CPU
		Debug|x64 = Debug|x64
		Debug|x86 = Debug|x86
		Release|Any CPU = Release|Any CPU
		Release|x64 = Release|x64
		Release|x86 = Release|x86
	EndGlobalSection
	GlobalSection(SolutionProperties) = preSolution
		HideSolutionNode = FALSE
	EndGlobalSection
	GlobalSection(ProjectConfigurationPlatforms) = postSolution
		{3D23A24F-5121-43E6-A25F-8F3C5FBB69B9}.Debug|Any CPU.ActiveCfg = Debug|Any CPU
		{3D23A24F-5121-43E6-A25F-8F3C5FBB69B9}.Debug|Any CPU.Build.0 = Debug|Any CPU
		{3D23A24F-5121-43E6-A25F-8F3C5FBB69B9}.Debug|x64.ActiveCfg = Debug|Any CPU
		{3D23A24F-5121-43E6-A25F-8F3C5FBB69B9}.Debug|x64.Build.0 = Debug|Any CPU
		{3D23A24F-5121-43E6-A25F-8F3C5FBB69B9}.Debug|x86.ActiveCfg = Debug|Any CPU
		{3D23A24F-5121-43E6-A25F-8F3C5FBB69B9}.Debug|x86.Build.0 = Debug|Any CPU
		{3D23A24F-5121-43E6-A25F-8F3C5FBB69B9}.Release|Any CPU.ActiveCfg = Release|Any CPU
		{3D23A24F-5121-43E6-A25F-8F3C5FBB69B9}.Release|Any CPU.Build.0 = Release|Any CPU
		{3D23A24F-5121-43E6-A25F-8F3C5FBB69B9}.Release|x64.ActiveCfg = Release|Any CPU
		{3D23A24F-5121-43E6-A25F-8F3C5FBB69B9}.Release|x64.Build.0 = Release|Any CPU
		{3D23A24F-5121-43E6-A25F-8F3C5FBB69B9}.Release|x86.ActiveCfg = Release|Any CPU
		{3D23A24F-5121-43E6-A25F-8F3C5FBB69B9}.Release|x86.Build.0 = Release|Any CPU
		{1DE57CBA-1834-414E-BD34-308CFAC92A69}.Debug|Any CPU.ActiveCfg = Debug|Any CPU
		{1DE57CBA-1834-414E-BD34-308CFAC92A69}.Debug|Any CPU.Build.0 = Debug|Any CPU
		{1DE57CBA-1834-414E-BD34-308CFAC92A69}.Debug|x64.ActiveCfg = Debug|Any CPU
		{1DE57CBA-1834-414E-BD34-308CFAC92A69}.Debug|x64.Build.0 = Debug|Any CPU
		{1DE57CBA-1834-414E-BD34-308CFAC92A69}.Debug|x86.ActiveCfg = Debug|Any CPU
		{1DE57CBA-1834-414E-BD34-308CFAC92A69}.Debug|x86.Build.0 = Debug|Any CPU
		{1DE57CBA-1834-414E-BD34-308CFAC92A69}.Release|Any CPU.ActiveCfg = Release|Any CPU
		{1DE57CBA-1834-414E-BD34-308CFAC92A69}.Release|Any CPU.Build.0 = Release|Any CPU
		{1DE57CBA-1834-414E-BD34-308CFAC92A69}.Release|x64.ActiveCfg = Release|Any CPU
		{1DE57CBA-1834-414E-BD34-308CFAC92A69}.Release|x64.Build.0 = Release|Any CPU
		{1DE57CBA-1834-414E-BD34-308CFAC92A69}.Release|x86.ActiveCfg = Release|Any CPU
		{1DE57CBA-1834-414E-BD34-308CFAC92A69}.Release|x86.Build.0 = Release|Any CPU
		{556C0226-BC2B-4110-B5D3-9D35B50ED2CE}.Debug|Any CPU.ActiveCfg = Debug|Any CPU
		{556C0226-BC2B-4110-B5D3-9D35B50ED2CE}.Debug|Any CPU.Build.0 = Debug|Any CPU
		{556C0226-BC2B-4110-B5D3-9D35B50ED2CE}.Debug|x64.ActiveCfg = Debug|Any CPU
		{556C0226-BC2B-4110-B5D3-9D35B50ED2CE}.Debug|x64.Build.0 = Debug|Any CPU
		{556C0226-BC2B-4110-B5D3-9D35B50ED2CE}.Debug|x86.ActiveCfg = Debug|Any CPU
		{556C0226-BC2B-4110-B5D3-9D35B50ED2CE}.Debug|x86.Build.0 = Debug|Any CPU
		{556C0226-BC2B-4110-B5D3-9D35B50ED2CE}.Release|Any CPU.ActiveCfg = Release|Any CPU
		{556C0226-BC2B-4110-B5D3-9D35B50ED2CE}.Release|Any CPU.Build.0 = Release|Any CPU
		{556C0226-BC2B-4110-B5D3-9D35B50ED2CE}.Release|x64.ActiveCfg = Release|Any CPU
		{556C0226-BC2B-4110-B5D3-9D35B50ED2CE}.Release|x64.Build.0 = Release|Any CPU
		{556C0226-BC2B-4110-B5D3-9D35B50ED2CE}.Release|x86.ActiveCfg = Release|Any CPU
		{556C0226-BC2B-4110-B5D3-9D35B50ED2CE}.Release|x86.Build.0 = Release|Any CPU
		{E12869A6-CF0A-4C1F-A830-D067D427EFCD}.Debug|Any CPU.ActiveCfg = Debug|Any CPU
		{E12869A6-CF0A-4C1F-A830-D067D427EFCD}.Debug|Any CPU.Build.0 = Debug|Any CPU
		{E12869A6-CF0A-4C1F-A830-D067D427EFCD}.Debug|x64.ActiveCfg = Debug|Any CPU
		{E12869A6-CF0A-4C1F-A830-D067D427EFCD}.Debug|x64.Build.0 = Debug|Any CPU
		{E12869A6-CF0A-4C1F-A830-D067D427EFCD}.Debug|x86.ActiveCfg = Debug|Any CPU
		{E12869A6-CF0A-4C1F-A830-D067D427EFCD}.Debug|x86.Build.0 = Debug|Any CPU
		{E12869A6-CF0A-4C1F-A830-D067D427EFCD}.Release|Any CPU.ActiveCfg = Release|Any CPU
		{E12869A6-CF0A-4C1F-A830-D067D427EFCD}.Release|Any CPU.Build.0 = Release|Any CPU
		{E12869A6-CF0A-4C1F-A830-D067D427EFCD}.Release|x64.ActiveCfg = Release|Any CPU
		{E12869A6-CF0A-4C1F-A830-D067D427EFCD}.Release|x64.Build.0 = Release|Any CPU
		{E12869A6-CF0A-4C1F-A830-D067D427EFCD}.Release|x86.ActiveCfg = Release|Any CPU
		{E12869A6-CF0A-4C1F-A830-D067D427EFCD}.Release|x86.Build.0 = Release|Any CPU
	EndGlobalSection
EndGlobal
